
Microsoft Visual Studio Solution File, Format Version 12.00
# Visual Studio 15
VisualStudioVersion = 15.0.27703.2018
MinimumVisualStudioVersion = 10.0.40219.1
Project("{FAE04EC0-301F-11D3-BF4B-00C04F79EFBC}") = "KittyBlog.Models", "KittyBlog.Models\KittyBlog.Models.csproj", "{31D7E1EC-1C5B-4FC3-831D-76885961C269}"
EndProject
Project("{FAE04EC0-301F-11D3-BF4B-00C04F79EFBC}") = "KittyBlog.BLL", "KittyBlog.BLL\KittyBlog.BLL.csproj", "{EB7DB50A-CFA9-4450-93CE-9AF2AAED462E}"
EndProject
Project("{FAE04EC0-301F-11D3-BF4B-00C04F79EFBC}") = "KittyBlog.DAL", "KittyBlog.DAL\KittyBlog.DAL.csproj", "{8B0FF16F-62B8-44E5-AFF5-2E44D151819B}"
EndProject
Project("{FAE04EC0-301F-11D3-BF4B-00C04F79EFBC}") = "KittyBlog.Api", "KittyBlog.Api\KittyBlog.Api.csproj", "{7C3B1887-129F-483B-BB1D-416621254E9D}"
EndProject
Global
	GlobalSection(SolutionConfigurationPlatforms) = preSolution
		Debug|Any CPU = Debug|Any CPU
		Release|Any CPU = Release|Any CPU
	EndGlobalSection
	GlobalSection(ProjectConfigurationPlatforms) = postSolution
		{31D7E1EC-1C5B-4FC3-831D-76885961C269}.Debug|Any CPU.ActiveCfg = Debug|Any CPU
		{31D7E1EC-1C5B-4FC3-831D-76885961C269}.Debug|Any CPU.Build.0 = Debug|Any CPU
		{31D7E1EC-1C5B-4FC3-831D-76885961C269}.Release|Any CPU.ActiveCfg = Release|Any CPU
		{31D7E1EC-1C5B-4FC3-831D-76885961C269}.Release|Any CPU.Build.0 = Release|Any CPU
		{EB7DB50A-CFA9-4450-93CE-9AF2AAED462E}.Debug|Any CPU.ActiveCfg = Debug|Any CPU
		{EB7DB50A-CFA9-4450-93CE-9AF2AAED462E}.Debug|Any CPU.Build.0 = Debug|Any CPU
		{EB7DB50A-CFA9-4450-93CE-9AF2AAED462E}.Release|Any CPU.ActiveCfg = Release|Any CPU
		{EB7DB50A-CFA9-4450-93CE-9AF2AAED462E}.Release|Any CPU.Build.0 = Release|Any CPU
		{8B0FF16F-62B8-44E5-AFF5-2E44D151819B}.Debug|Any CPU.ActiveCfg = Debug|Any CPU
		{8B0FF16F-62B8-44E5-AFF5-2E44D151819B}.Debug|Any CPU.Build.0 = Debug|Any CPU
		{8B0FF16F-62B8-44E5-AFF5-2E44D151819B}.Release|Any CPU.ActiveCfg = Release|Any CPU
		{8B0FF16F-62B8-44E5-AFF5-2E44D151819B}.Release|Any CPU.Build.0 = Release|Any CPU
		{7C3B1887-129F-483B-BB1D-416621254E9D}.Debug|Any CPU.ActiveCfg = Debug|Any CPU
		{7C3B1887-129F-483B-BB1D-416621254E9D}.Debug|Any CPU.Build.0 = Debug|Any CPU
		{7C3B1887-129F-483B-BB1D-416621254E9D}.Release|Any CPU.ActiveCfg = Release|Any CPU
		{7C3B1887-129F-483B-BB1D-416621254E9D}.Release|Any CPU.Build.0 = Release|Any CPU
	EndGlobalSection
	GlobalSection(SolutionProperties) = preSolution
		HideSolutionNode = FALSE
	EndGlobalSection
	GlobalSection(ExtensibilityGlobals) = postSolution
		SolutionGuid = {9302CE9D-591A-4988-A0F7-F813B700DA68}
	EndGlobalSection
EndGlobal
