
Microsoft Visual Studio Solution File, Format Version 12.00
# Visual Studio 15
VisualStudioVersion = 15.0.27703.2018
MinimumVisualStudioVersion = 10.0.40219.1
Project("{9A19103F-16F7-4668-BE54-9A1E7A4F7556}") = "KittyBlog.Model", "KittyBlog.Models\KittyBlog.Model.csproj", "{31D7E1EC-1C5B-4FC3-831D-76885961C269}"
EndProject
Project("{9A19103F-16F7-4668-BE54-9A1E7A4F7556}") = "KittyBlog.BLL", "KittyBlog.BLL\KittyBlog.BLL.csproj", "{EB7DB50A-CFA9-4450-93CE-9AF2AAED462E}"
EndProject
Project("{9A19103F-16F7-4668-BE54-9A1E7A4F7556}") = "KittyBlog.DAL", "KittyBlog.DAL\KittyBlog.DAL.csproj", "{8B0FF16F-62B8-44E5-AFF5-2E44D151819B}"
EndProject
Project("{9A19103F-16F7-4668-BE54-9A1E7A4F7556}") = "KittyBlog.API", "KittyBlog.Api\KittyBlog.API.csproj", "{7C3B1887-129F-483B-BB1D-416621254E9D}"
EndProject
Project("{2150E333-8FDC-42A3-9474-1A3956D46DE8}") = "BLL", "BLL", "{76D6E8A7-33A6-4D03-8723-324AF6AD5118}"
EndProject
Project("{2150E333-8FDC-42A3-9474-1A3956D46DE8}") = "DAL", "DAL", "{222A0A14-275F-42A4-BB32-B7AD68E30738}"
EndProject
Project("{2150E333-8FDC-42A3-9474-1A3956D46DE8}") = "Model", "Model", "{9A30219F-158F-44A1-9EC6-20F56D57C48D}"
EndProject
Project("{9A19103F-16F7-4668-BE54-9A1E7A4F7556}") = "KittyBlog.IDAL", "KittyBlog.IDAL\KittyBlog.IDAL.csproj", "{900D7CB4-E3D7-4FA7-B6C3-55731F020E95}"
EndProject
Project("{9A19103F-16F7-4668-BE54-9A1E7A4F7556}") = "KittyBlog.IBLL", "KittyBlog.IBLL\KittyBlog.IBLL.csproj", "{6B8D4257-A316-4D7E-98D1-1C149538D43F}"
EndProject
Project("{2150E333-8FDC-42A3-9474-1A3956D46DE8}") = "UI", "UI", "{3DCE0CEC-86B0-4F90-BBEF-FC98E4C1AB93}"
EndProject
Project("{9A19103F-16F7-4668-BE54-9A1E7A4F7556}") = "KittyBlog.UI", "KittyBlog.UI\KittyBlog.UI.csproj", "{D10187D7-1095-4ACB-A4D3-14641567DE84}"
EndProject
Project("{2150E333-8FDC-42A3-9474-1A3956D46DE8}") = "sqlite", "sqlite", "{1B49FAAC-4E49-45B8-998A-655E84B5AFEB}"
	ProjectSection(SolutionItems) = preProject
		CreateTable.sql = CreateTable.sql
		InsertData.sql = InsertData.sql
		kittyblog.db = kittyblog.db
	EndProjectSection
EndProject
Project("{2150E333-8FDC-42A3-9474-1A3956D46DE8}") = "Service", "Service", "{88738770-6B3D-4F65-9572-5314797FE599}"
EndProject
Project("{2150E333-8FDC-42A3-9474-1A3956D46DE8}") = "Sql", "Sql", "{20468D4C-A0E0-471D-AD70-657305A1C1EF}"
EndProject
Project("{9A19103F-16F7-4668-BE54-9A1E7A4F7556}") = "KittyBlog.Common", "KittyBlog.Common\KittyBlog.Common.csproj", "{9F84769C-40A0-437D-B5B1-992DB3644686}"
EndProject
Global
	GlobalSection(SolutionConfigurationPlatforms) = preSolution
		Debug|Any CPU = Debug|Any CPU
		Release|Any CPU = Release|Any CPU
	EndGlobalSection
	GlobalSection(ProjectConfigurationPlatforms) = postSolution
		{31D7E1EC-1C5B-4FC3-831D-76885961C269}.Debug|Any CPU.ActiveCfg = Debug|Any CPU
		{31D7E1EC-1C5B-4FC3-831D-76885961C269}.Debug|Any CPU.Build.0 = Debug|Any CPU
		{31D7E1EC-1C5B-4FC3-831D-76885961C269}.Release|Any CPU.ActiveCfg = Release|Any CPU
		{31D7E1EC-1C5B-4FC3-831D-76885961C269}.Release|Any CPU.Build.0 = Release|Any CPU
		{EB7DB50A-CFA9-4450-93CE-9AF2AAED462E}.Debug|Any CPU.ActiveCfg = Debug|Any CPU
		{EB7DB50A-CFA9-4450-93CE-9AF2AAED462E}.Debug|Any CPU.Build.0 = Debug|Any CPU
		{EB7DB50A-CFA9-4450-93CE-9AF2AAED462E}.Release|Any CPU.ActiveCfg = Release|Any CPU
		{EB7DB50A-CFA9-4450-93CE-9AF2AAED462E}.Release|Any CPU.Build.0 = Release|Any CPU
		{8B0FF16F-62B8-44E5-AFF5-2E44D151819B}.Debug|Any CPU.ActiveCfg = Debug|Any CPU
		{8B0FF16F-62B8-44E5-AFF5-2E44D151819B}.Debug|Any CPU.Build.0 = Debug|Any CPU
		{8B0FF16F-62B8-44E5-AFF5-2E44D151819B}.Release|Any CPU.ActiveCfg = Release|Any CPU
		{8B0FF16F-62B8-44E5-AFF5-2E44D151819B}.Release|Any CPU.Build.0 = Release|Any CPU
		{7C3B1887-129F-483B-BB1D-416621254E9D}.Debug|Any CPU.ActiveCfg = Debug|Any CPU
		{7C3B1887-129F-483B-BB1D-416621254E9D}.Debug|Any CPU.Build.0 = Debug|Any CPU
		{7C3B1887-129F-483B-BB1D-416621254E9D}.Release|Any CPU.ActiveCfg = Release|Any CPU
		{7C3B1887-129F-483B-BB1D-416621254E9D}.Release|Any CPU.Build.0 = Release|Any CPU
		{900D7CB4-E3D7-4FA7-B6C3-55731F020E95}.Debug|Any CPU.ActiveCfg = Debug|Any CPU
		{900D7CB4-E3D7-4FA7-B6C3-55731F020E95}.Debug|Any CPU.Build.0 = Debug|Any CPU
		{900D7CB4-E3D7-4FA7-B6C3-55731F020E95}.Release|Any CPU.ActiveCfg = Release|Any CPU
		{900D7CB4-E3D7-4FA7-B6C3-55731F020E95}.Release|Any CPU.Build.0 = Release|Any CPU
		{6B8D4257-A316-4D7E-98D1-1C149538D43F}.Debug|Any CPU.ActiveCfg = Debug|Any CPU
		{6B8D4257-A316-4D7E-98D1-1C149538D43F}.Debug|Any CPU.Build.0 = Debug|Any CPU
		{6B8D4257-A316-4D7E-98D1-1C149538D43F}.Release|Any CPU.ActiveCfg = Release|Any CPU
		{6B8D4257-A316-4D7E-98D1-1C149538D43F}.Release|Any CPU.Build.0 = Release|Any CPU
		{D10187D7-1095-4ACB-A4D3-14641567DE84}.Debug|Any CPU.ActiveCfg = Debug|Any CPU
		{D10187D7-1095-4ACB-A4D3-14641567DE84}.Debug|Any CPU.Build.0 = Debug|Any CPU
		{D10187D7-1095-4ACB-A4D3-14641567DE84}.Release|Any CPU.ActiveCfg = Release|Any CPU
		{D10187D7-1095-4ACB-A4D3-14641567DE84}.Release|Any CPU.Build.0 = Release|Any CPU
		{9F84769C-40A0-437D-B5B1-992DB3644686}.Debug|Any CPU.ActiveCfg = Debug|Any CPU
		{9F84769C-40A0-437D-B5B1-992DB3644686}.Debug|Any CPU.Build.0 = Debug|Any CPU
		{9F84769C-40A0-437D-B5B1-992DB3644686}.Release|Any CPU.ActiveCfg = Release|Any CPU
		{9F84769C-40A0-437D-B5B1-992DB3644686}.Release|Any CPU.Build.0 = Release|Any CPU
	EndGlobalSection
	GlobalSection(SolutionProperties) = preSolution
		HideSolutionNode = FALSE
	EndGlobalSection
	GlobalSection(NestedProjects) = preSolution
		{31D7E1EC-1C5B-4FC3-831D-76885961C269} = {9A30219F-158F-44A1-9EC6-20F56D57C48D}
		{EB7DB50A-CFA9-4450-93CE-9AF2AAED462E} = {76D6E8A7-33A6-4D03-8723-324AF6AD5118}
		{8B0FF16F-62B8-44E5-AFF5-2E44D151819B} = {222A0A14-275F-42A4-BB32-B7AD68E30738}
		{7C3B1887-129F-483B-BB1D-416621254E9D} = {3DCE0CEC-86B0-4F90-BBEF-FC98E4C1AB93}
		{900D7CB4-E3D7-4FA7-B6C3-55731F020E95} = {222A0A14-275F-42A4-BB32-B7AD68E30738}
		{6B8D4257-A316-4D7E-98D1-1C149538D43F} = {76D6E8A7-33A6-4D03-8723-324AF6AD5118}
		{D10187D7-1095-4ACB-A4D3-14641567DE84} = {3DCE0CEC-86B0-4F90-BBEF-FC98E4C1AB93}
		{1B49FAAC-4E49-45B8-998A-655E84B5AFEB} = {20468D4C-A0E0-471D-AD70-657305A1C1EF}
		{9F84769C-40A0-437D-B5B1-992DB3644686} = {88738770-6B3D-4F65-9572-5314797FE599}
	EndGlobalSection
	GlobalSection(ExtensibilityGlobals) = postSolution
		SolutionGuid = {9302CE9D-591A-4988-A0F7-F813B700DA68}
	EndGlobalSection
EndGlobal
